
Microsoft Visual Studio Solution File, Format Version 12.00
# Visual Studio Version 16
VisualStudioVersion = 16.0.30406.217
MinimumVisualStudioVersion = 10.0.40219.1
Project("{FAE04EC0-301F-11D3-BF4B-00C04F79EFBC}") = "Employee_System-Asst3", "Employee_System-Asst3.csproj", "{58126DA2-0C9C-4DC4-B62C-D03123AD7A9C}"
EndProject
Global
	GlobalSection(SolutionConfigurationPlatforms) = preSolution
		Debug|Any CPU = Debug|Any CPU
		Release|Any CPU = Release|Any CPU
	EndGlobalSection
	GlobalSection(ProjectConfigurationPlatforms) = postSolution
		{58126DA2-0C9C-4DC4-B62C-D03123AD7A9C}.Debug|Any CPU.ActiveCfg = Debug|Any CPU
		{58126DA2-0C9C-4DC4-B62C-D03123AD7A9C}.Debug|Any CPU.Build.0 = Debug|Any CPU
		{58126DA2-0C9C-4DC4-B62C-D03123AD7A9C}.Release|Any CPU.ActiveCfg = Release|Any CPU
		{58126DA2-0C9C-4DC4-B62C-D03123AD7A9C}.Release|Any CPU.Build.0 = Release|Any CPU
	EndGlobalSection
	GlobalSection(SolutionProperties) = preSolution
		HideSolutionNode = FALSE
	EndGlobalSection
	GlobalSection(ExtensibilityGlobals) = postSolution
		SolutionGuid = {CD32CCFA-31EA-4258-AE2B-98F7B5AF6330}
	EndGlobalSection
EndGlobal
